{
  "name": "@yurkimus/server",
  "version": "0.0.1",
  "lockfileVersion": 3,
  "requires": true,
  "packages": {
    "": {
      "name": "@yurkimus/server",
      "version": "0.0.1",
      "dependencies": {
        "@yurkimus/types": "@yurkimus/types@0.2.1"
      }
    },
    "@yurkimus/types@0.2.1": {},
    "node_modules/@yurkimus/types": {
      "resolved": "@yurkimus/types@0.2.1",
      "link": true
    }
  }
}
